// !$*UTF8*$!
{
	archiveVersion = 1;
	classes = {
	};
	objectVersion = 48;
	objects = {

/* Begin PBXBuildFile section */
		8832045B23353EEA0020CB54 /* screenshot.png in Resources */ = {isa = PBXBuildFile; fileRef = 8832045A23353EEA0020CB54 /* screenshot.png */; };
		8832045D23353EF90020CB54 /* README.md in Resources */ = {isa = PBXBuildFile; fileRef = 8832045C23353EF90020CB54 /* README.md */; };
		88CF8B32202D9F4600410BDA /* AppDelegate.swift in Sources */ = {isa = PBXBuildFile; fileRef = 88CF8B31202D9F4600410BDA /* AppDelegate.swift */; };
		88CF8B34202D9F4600410BDA /* ViewController.swift in Sources */ = {isa = PBXBuildFile; fileRef = 88CF8B33202D9F4600410BDA /* ViewController.swift */; };
		88CF8B37202D9F4600410BDA /* Main.storyboard in Resources */ = {isa = PBXBuildFile; fileRef = 88CF8B35202D9F4600410BDA /* Main.storyboard */; };
		88CF8B39202D9F4600410BDA /* Assets.xcassets in Resources */ = {isa = PBXBuildFile; fileRef = 88CF8B38202D9F4600410BDA /* Assets.xcassets */; };
		88CF8B3C202D9F4600410BDA /* LaunchScreen.storyboard in Resources */ = {isa = PBXBuildFile; fileRef = 88CF8B3A202D9F4600410BDA /* LaunchScreen.storyboard */; };
/* End PBXBuildFile section */

/* Begin PBXFileReference section */
		8832045A23353EEA0020CB54 /* screenshot.png */ = {isa = PBXFileReference; lastKnownFileType = image.png; path = screenshot.png; sourceTree = "<group>"; };
		8832045C23353EF90020CB54 /* README.md */ = {isa = PBXFileReference; fileEncoding = 4; lastKnownFileType = net.daringfireball.markdown; path = README.md; sourceTree = SOURCE_ROOT; };
		88CF8B2E202D9F4600410BDA /* Currency converter.app */ = {isa = PBXFileReference; explicitFileType = wrapper.application; includeInIndex = 0; path = "Currency converter.app"; sourceTree = BUILT_PRODUCTS_DIR; };
		88CF8B31202D9F4600410BDA /* AppDelegate.swift */ = {isa = PBXFileReference; lastKnownFileType = sourcecode.swift; path = AppDelegate.swift; sourceTree = "<group>"; };
		88CF8B33202D9F4600410BDA /* ViewController.swift */ = {isa = PBXFileReference; lastKnownFileType = sourcecode.swift; path = ViewController.swift; sourceTree = "<group>"; };
		88CF8B36202D9F4600410BDA /* Base */ = {isa = PBXFileReference; lastKnownFileType = file.storyboard; name = Base; path = Base.lproj/Main.storyboard; sourceTree = "<group>"; };
		88CF8B38202D9F4600410BDA /* Assets.xcassets */ = {isa = PBXFileReference; lastKnownFileType = folder.assetcatalog; path = Assets.xcassets; sourceTree = "<group>"; };
		88CF8B3B202D9F4600410BDA /* Base */ = {isa = PBXFileReference; lastKnownFileType = file.storyboard; name = Base; path = Base.lproj/LaunchScreen.storyboard; sourceTree = "<group>"; };
		88CF8B3D202D9F4600410BDA /* Info.plist */ = {isa = PBXFileReference; lastKnownFileType = text.plist.xml; path = Info.plist; sourceTree = "<group>"; };
/* End PBXFileReference section */

/* Begin PBXFrameworksBuildPhase section */
		88CF8B2B202D9F4600410BDA /* Frameworks */ = {
			isa = PBXFrameworksBuildPhase;
			buildActionMask = 2147483647;
			files = (
			);
			runOnlyForDeploymentPostprocessing = 0;
		};
/* End PBXFrameworksBuildPhase section */

/* Begin PBXGroup section */
		8832045923353EEA0020CB54 /* pictures */ = {
			isa = PBXGroup;
			children = (
				8832045A23353EEA0020CB54 /* screenshot.png */,
			);
			path = pictures;
			sourceTree = SOURCE_ROOT;
		};
		88CF8B25202D9F4600410BDA = {
			isa = PBXGroup;
			children = (
				88CF8B30202D9F4600410BDA /* Currency converter */,
				88CF8B2F202D9F4600410BDA /* Products */,
			);
			sourceTree = "<group>";
		};
		88CF8B2F202D9F4600410BDA /* Products */ = {
			isa = PBXGroup;
			children = (
				88CF8B2E202D9F4600410BDA /* Currency converter.app */,
			);
			name = Products;
			sourceTree = "<group>";
		};
		88CF8B30202D9F4600410BDA /* Currency converter */ = {
			isa = PBXGroup;
			children = (
				88CF8B31202D9F4600410BDA /* AppDelegate.swift */,
				88CF8B33202D9F4600410BDA /* ViewController.swift */,
				88CF8B35202D9F4600410BDA /* Main.storyboard */,
				88CF8B38202D9F4600410BDA /* Assets.xcassets */,
				88CF8B3A202D9F4600410BDA /* LaunchScreen.storyboard */,
				88CF8B3D202D9F4600410BDA /* Info.plist */,
				8832045C23353EF90020CB54 /* README.md */,
				8832045923353EEA0020CB54 /* pictures */,
			);
			path = "Currency converter";
			sourceTree = "<group>";
		};
/* End PBXGroup section */

/* Begin PBXNativeTarget section */
		88CF8B2D202D9F4600410BDA /* Currency converter */ = {
			isa = PBXNativeTarget;
			buildConfigurationList = 88CF8B40202D9F4600410BDA /* Build configuration list for PBXNativeTarget "Currency converter" */;
			buildPhases = (
				88CF8B2A202D9F4600410BDA /* Sources */,
				88CF8B2B202D9F4600410BDA /* Frameworks */,
				88CF8B2C202D9F4600410BDA /* Resources */,
			);
			buildRules = (
			);
			dependencies = (
			);
			name = "Currency converter";
			productName = "Currency converter";
			productReference = 88CF8B2E202D9F4600410BDA /* Currency converter.app */;
			productType = "com.apple.product-type.application";
		};
/* End PBXNativeTarget section */

/* Begin PBXProject section */
		88CF8B26202D9F4600410BDA /* Project object */ = {
			isa = PBXProject;
			attributes = {
				LastSwiftUpdateCheck = 0920;
				LastUpgradeCheck = 1020;
				ORGANIZATIONNAME = "Андрей Зорькин";
				TargetAttributes = {
					88CF8B2D202D9F4600410BDA = {
						CreatedOnToolsVersion = 9.2;
						LastSwiftMigration = 1020;
						ProvisioningStyle = Automatic;
					};
				};
			};
			buildConfigurationList = 88CF8B29202D9F4600410BDA /* Build configuration list for PBXProject "Currency converter" */;
			compatibilityVersion = "Xcode 8.0";
			developmentRegion = en;
			hasScannedForEncodings = 0;
			knownRegions = (
				en,
				Base,
			);
			mainGroup = 88CF8B25202D9F4600410BDA;
			productRefGroup = 88CF8B2F202D9F4600410BDA /* Products */;
			projectDirPath = "";
			projectRoot = "";
			targets = (
				88CF8B2D202D9F4600410BDA /* Currency converter */,
			);
		};
/* End PBXProject section */

/* Begin PBXResourcesBuildPhase section */
		88CF8B2C202D9F4600410BDA /* Resources */ = {
			isa = PBXResourcesBuildPhase;
			buildActionMask = 2147483647;
			files = (
				88CF8B3C202D9F4600410BDA /* LaunchScreen.storyboard in Resources */,
				88CF8B39202D9F4600410BDA /* Assets.xcassets in Resources */,
				8832045D23353EF90020CB54 /* README.md in Resources */,
				88CF8B37202D9F4600410BDA /* Main.storyboard in Resources */,
				8832045B23353EEA0020CB54 /* screenshot.png in Resources */,
			);
			runOnlyForDeploymentPostprocessing = 0;
		};
/* End PBXResourcesBuildPhase section */

/* Begin PBXSourcesBuildPhase section */
		88CF8B2A202D9F4600410BDA /* Sources */ = {
			isa = PBXSourcesBuildPhase;
			buildActionMask = 2147483647;
			files = (
				88CF8B34202D9F4600410BDA /* ViewController.swift in Sources */,
				88CF8B32202D9F4600410BDA /* AppDelegate.swift in Sources */,
			);
			runOnlyForDeploymentPostprocessing = 0;
		};
/* End PBXSourcesBuildPhase section */

/* Begin PBXVariantGroup section */
		88CF8B35202D9F4600410BDA /* Main.storyboard */ = {
			isa = PBXVariantGroup;
			children = (
				88CF8B36202D9F4600410BDA /* Base */,
			);
			name = Main.storyboard;
			sourceTree = "<group>";
		};
		88CF8B3A202D9F4600410BDA /* LaunchScreen.storyboard */ = {
			isa = PBXVariantGroup;
			children = (
				88CF8B3B202D9F4600410BDA /* Base */,
			);
			name = LaunchScreen.storyboard;
			sourceTree = "<group>";
		};
/* End PBXVariantGroup section */

/* Begin XCBuildConfiguration section */
		88CF8B3E202D9F4600410BDA /* Debug */ = {
			isa = XCBuildConfiguration;
			buildSettings = {
				ALWAYS_SEARCH_USER_PATHS = NO;
				CLANG_ANALYZER_NONNULL = YES;
				CLANG_ANALYZER_NUMBER_OBJECT_CONVERSION = YES_AGGRESSIVE;
				CLANG_CXX_LANGUAGE_STANDARD = "gnu++14";
				CLANG_CXX_LIBRARY = "libc++";
				CLANG_ENABLE_MODULES = YES;
				CLANG_ENABLE_OBJC_ARC = YES;
				CLANG_WARN_BLOCK_CAPTURE_AUTORELEASING = YES;
				CLANG_WARN_BOOL_CONVERSION = YES;
				CLANG_WARN_COMMA = YES;
				CLANG_WARN_CONSTANT_CONVERSION = YES;
				CLANG_WARN_DEPRECATED_OBJC_IMPLEMENTATIONS = YES;
				CLANG_WARN_DIRECT_OBJC_ISA_USAGE = YES_ERROR;
				CLANG_WARN_DOCUMENTATION_COMMENTS = YES;
				CLANG_WARN_EMPTY_BODY = YES;
				CLANG_WARN_ENUM_CONVERSION = YES;
				CLANG_WARN_INFINITE_RECURSION = YES;
				CLANG_WARN_INT_CONVERSION = YES;
				CLANG_WARN_NON_LITERAL_NULL_CONVERSION = YES;
				CLANG_WARN_OBJC_IMPLICIT_RETAIN_SELF = YES;
				CLANG_WARN_OBJC_LITERAL_CONVERSION = YES;
				CLANG_WARN_OBJC_ROOT_CLASS = YES_ERROR;
				CLANG_WARN_RANGE_LOOP_ANALYSIS = YES;
				CLANG_WARN_STRICT_PROTOTYPES = YES;
				CLANG_WARN_SUSPICIOUS_MOVE = YES;
				CLANG_WARN_UNGUARDED_AVAILABILITY = YES_AGGRESSIVE;
				CLANG_WARN_UNREACHABLE_CODE = YES;
				CLANG_WARN__DUPLICATE_METHOD_MATCH = YES;
				CODE_SIGN_IDENTITY = "iPhone Developer";
				COPY_PHASE_STRIP = NO;
				DEBUG_INFORMATION_FORMAT = dwarf;
				ENABLE_STRICT_OBJC_MSGSEND = YES;
				ENABLE_TESTABILITY = YES;
				GCC_C_LANGUAGE_STANDARD = gnu11;
				GCC_DYNAMIC_NO_PIC = NO;
				GCC_NO_COMMON_BLOCKS = YES;
				GCC_OPTIMIZATION_LEVEL = 0;
				GCC_PREPROCESSOR_DEFINITIONS = (
					"DEBUG=1",
					"$(inherited)",
				);
				GCC_WARN_64_TO_32_BIT_CONVERSION = YES;
				GCC_WARN_ABOUT_RETURN_TYPE = YES_ERROR;
				GCC_WARN_UNDECLARED_SELECTOR = YES;
				GCC_WARN_UNINITIALIZED_AUTOS = YES_AGGRESSIVE;
				GCC_WARN_UNUSED_FUNCTION = YES;
				GCC_WARN_UNUSED_VARIABLE = YES;
				IPHONEOS_DEPLOYMENT_TARGET = 9.0;
				MTL_ENABLE_DEBUG_INFO = YES;
				ONLY_ACTIVE_ARCH = YES;
				SDKROOT = iphoneos;
				SWIFT_ACTIVE_COMPILATION_CONDITIONS = DEBUG;
				SWIFT_OPTIMIZATION_LEVEL = "-Onone";
			};
			name = Debug;
		};
		88CF8B3F202D9F4600410BDA /* Release */ = {
			isa = XCBuildConfiguration;
			buildSettings = {
				ALWAYS_SEARCH_USER_PATHS = NO;
				CLANG_ANALYZER_NONNULL = YES;
				CLANG_ANALYZER_NUMBER_OBJECT_CONVERSION = YES_AGGRESSIVE;
				CLANG_CXX_LANGUAGE_STANDARD = "gnu++14";
				CLANG_CXX_LIBRARY = "libc++";
				CLANG_ENABLE_MODULES = YES;
				CLANG_ENABLE_OBJC_ARC = YES;
				CLANG_WARN_BLOCK_CAPTURE_AUTORELEASING = YES;
				CLANG_WARN_BOOL_CONVERSION = YES;
				CLANG_WARN_COMMA = YES;
				CLANG_WARN_CONSTANT_CONVERSION = YES;
				CLANG_WARN_DEPRECATED_OBJC_IMPLEMENTATIONS = YES;
				CLANG_WARN_DIRECT_OBJC_ISA_USAGE = YES_ERROR;
				CLANG_WARN_DOCUMENTATION_COMMENTS = YES;
				CLANG_WARN_EMPTY_BODY = YES;
				CLANG_WARN_ENUM_CONVERSION = YES;
				CLANG_WARN_INFINITE_RECURSION = YES;
				CLANG_WARN_INT_CONVERSION = YES;
				CLANG_WARN_NON_LITERAL_NULL_CONVERSION = YES;
				CLANG_WARN_OBJC_IMPLICIT_RETAIN_SELF = YES;
				CLANG_WARN_OBJC_LITERAL_CONVERSION = YES;
				CLANG_WARN_OBJC_ROOT_CLASS = YES_ERROR;
				CLANG_WARN_RANGE_LOOP_ANALYSIS = YES;
				CLANG_WARN_STRICT_PROTOTYPES = YES;
				CLANG_WARN_SUSPICIOUS_MOVE = YES;
				CLANG_WARN_UNGUARDED_AVAILABILITY = YES_AGGRESSIVE;
				CLANG_WARN_UNREACHABLE_CODE = YES;
				CLANG_WARN__DUPLICATE_METHOD_MATCH = YES;
				CODE_SIGN_IDENTITY = "iPhone Developer";
				COPY_PHASE_STRIP = NO;
				DEBUG_INFORMATION_FORMAT = "dwarf-with-dsym";
				ENABLE_NS_ASSERTIONS = NO;
				ENABLE_STRICT_OBJC_MSGSEND = YES;
				GCC_C_LANGUAGE_STANDARD = gnu11;
				GCC_NO_COMMON_BLOCKS = YES;
				GCC_WARN_64_TO_32_BIT_CONVERSION = YES;
				GCC_WARN_ABOUT_RETURN_TYPE = YES_ERROR;
				GCC_WARN_UNDECLARED_SELECTOR = YES;
				GCC_WARN_UNINITIALIZED_AUTOS = YES_AGGRESSIVE;
				GCC_WARN_UNUSED_FUNCTION = YES;
				GCC_WARN_UNUSED_VARIABLE = YES;
				IPHONEOS_DEPLOYMENT_TARGET = 9.0;
				MTL_ENABLE_DEBUG_INFO = NO;
				SDKROOT = iphoneos;
				SWIFT_OPTIMIZATION_LEVEL = "-Owholemodule";
				VALIDATE_PRODUCT = YES;
			};
			name = Release;
		};
		88CF8B41202D9F4600410BDA /* Debug */ = {
			isa = XCBuildConfiguration;
			buildSettings = {
				ASSETCATALOG_COMPILER_APPICON_NAME = AppIcon;
				CODE_SIGN_IDENTITY = "iPhone Developer";
				CODE_SIGN_STYLE = Automatic;
				DEVELOPMENT_TEAM = 68427LK7H9;
				INFOPLIST_FILE = "Currency converter/Info.plist";
				IPHONEOS_DEPLOYMENT_TARGET = 10.0;
				LD_RUNPATH_SEARCH_PATHS = "$(inherited) @executable_path/Frameworks";
				PRODUCT_BUNDLE_IDENTIFIER = zooorkin.currencyconverter;
				PRODUCT_NAME = "$(TARGET_NAME)";
				PROVISIONING_PROFILE_SPECIFIER = "";
				SWIFT_VERSION = 5.0;
				TARGETED_DEVICE_FAMILY = "1,2";
			};
			name = Debug;
		};
		88CF8B42202D9F4600410BDA /* Release */ = {
			isa = XCBuildConfiguration;
			buildSettings = {
				ASSETCATALOG_COMPILER_APPICON_NAME = AppIcon;
				CODE_SIGN_IDENTITY = "iPhone Developer";
				CODE_SIGN_STYLE = Automatic;
				DEVELOPMENT_TEAM = 68427LK7H9;
				INFOPLIST_FILE = "Currency converter/Info.plist";
				IPHONEOS_DEPLOYMENT_TARGET = 10.0;
				LD_RUNPATH_SEARCH_PATHS = "$(inherited) @executable_path/Frameworks";
				PRODUCT_BUNDLE_IDENTIFIER = zooorkin.currencyconverter;
				PRODUCT_NAME = "$(TARGET_NAME)";
				PROVISIONING_PROFILE_SPECIFIER = "";
				SWIFT_VERSION = 5.0;
				TARGETED_DEVICE_FAMILY = "1,2";
			};
			name = Release;
		};
/* End XCBuildConfiguration section */

/* Begin XCConfigurationList section */
		88CF8B29202D9F4600410BDA /* Build configuration list for PBXProject "Currency converter" */ = {
			isa = XCConfigurationList;
			buildConfigurations = (
				88CF8B3E202D9F4600410BDA /* Debug */,
				88CF8B3F202D9F4600410BDA /* Release */,
			);
			defaultConfigurationIsVisible = 0;
			defaultConfigurationName = Release;
		};
		88CF8B40202D9F4600410BDA /* Build configuration list for PBXNativeTarget "Currency converter" */ = {
			isa = XCConfigurationList;
			buildConfigurations = (
				88CF8B41202D9F4600410BDA /* Debug */,
				88CF8B42202D9F4600410BDA /* Release */,
			);
			defaultConfigurationIsVisible = 0;
			defaultConfigurationName = Release;
		};
/* End XCConfigurationList section */
	};
	rootObject = 88CF8B26202D9F4600410BDA /* Project object */;
}
